
Microsoft Visual Studio Solution File, Format Version 12.00
# Visual Studio Version 16
VisualStudioVersion = 16.0.31624.102
MinimumVisualStudioVersion = 10.0.40219.1
Project("{FAE04EC0-301F-11D3-BF4B-00C04F79EFBC}") = "TeamServer", "TeamServer\TeamServer.csproj", "{BCAC4F52-FE2F-423D-B120-AA34AAD713CE}"
EndProject
Global
	GlobalSection(SolutionConfigurationPlatforms) = preSolution
		Debug|Any CPU = Debug|Any CPU
		Release|Any CPU = Release|Any CPU
	EndGlobalSection
	GlobalSection(ProjectConfigurationPlatforms) = postSolution
		{BCAC4F52-FE2F-423D-B120-AA34AAD713CE}.Debug|Any CPU.ActiveCfg = Debug|Any CPU
		{BCAC4F52-FE2F-423D-B120-AA34AAD713CE}.Debug|Any CPU.Build.0 = Debug|Any CPU
		{BCAC4F52-FE2F-423D-B120-AA34AAD713CE}.Release|Any CPU.ActiveCfg = Release|Any CPU
		{BCAC4F52-FE2F-423D-B120-AA34AAD713CE}.Release|Any CPU.Build.0 = Release|Any CPU
	EndGlobalSection
	GlobalSection(SolutionProperties) = preSolution
		HideSolutionNode = FALSE
	EndGlobalSection
	GlobalSection(ExtensibilityGlobals) = postSolution
		SolutionGuid = {4839A8FB-77D7-46FD-935A-9D8E4B438752}
	EndGlobalSection
EndGlobal
